
Microsoft Visual Studio Solution File, Format Version 12.00
# Visual Studio Version 17
VisualStudioVersion = 17.11.35327.3
MinimumVisualStudioVersion = 10.0.40219.1
Project("{FAE04EC0-301F-11D3-BF4B-00C04F79EFBC}") = "Tumakov", "Tumakov.csproj", "{C0FA61CD-56D8-4D9B-8CC1-DB06F050369C}"
EndProject
Project("{FAE04EC0-301F-11D3-BF4B-00C04F79EFBC}") = "Failik", "Failik\Failik.csproj", "{AD49355E-C3FD-4636-A9A7-1675902B1C78}"
EndProject
Global
	GlobalSection(SolutionConfigurationPlatforms) = preSolution
		Debug|Any CPU = Debug|Any CPU
		Release|Any CPU = Release|Any CPU
	EndGlobalSection
	GlobalSection(ProjectConfigurationPlatforms) = postSolution
		{C0FA61CD-56D8-4D9B-8CC1-DB06F050369C}.Debug|Any CPU.ActiveCfg = Debug|Any CPU
		{C0FA61CD-56D8-4D9B-8CC1-DB06F050369C}.Debug|Any CPU.Build.0 = Debug|Any CPU
		{C0FA61CD-56D8-4D9B-8CC1-DB06F050369C}.Release|Any CPU.ActiveCfg = Release|Any CPU
		{C0FA61CD-56D8-4D9B-8CC1-DB06F050369C}.Release|Any CPU.Build.0 = Release|Any CPU
		{AD49355E-C3FD-4636-A9A7-1675902B1C78}.Debug|Any CPU.ActiveCfg = Debug|Any CPU
		{AD49355E-C3FD-4636-A9A7-1675902B1C78}.Debug|Any CPU.Build.0 = Debug|Any CPU
		{AD49355E-C3FD-4636-A9A7-1675902B1C78}.Release|Any CPU.ActiveCfg = Release|Any CPU
		{AD49355E-C3FD-4636-A9A7-1675902B1C78}.Release|Any CPU.Build.0 = Release|Any CPU
	EndGlobalSection
	GlobalSection(SolutionProperties) = preSolution
		HideSolutionNode = FALSE
	EndGlobalSection
	GlobalSection(ExtensibilityGlobals) = postSolution
		SolutionGuid = {ECCF6A91-041E-472B-B985-BEC54678479A}
	EndGlobalSection
EndGlobal
